
Microsoft Visual Studio Solution File, Format Version 12.00
# Visual Studio Version 17
VisualStudioVersion = 17.8.34525.116
MinimumVisualStudioVersion = 10.0.40219.1
Project("{2150E333-8FDC-42A3-9474-1A3956D46DE8}") = "src", "src", "{B956A78B-F683-42C5-886A-70E1E875E3B5}"
EndProject
Project("{2150E333-8FDC-42A3-9474-1A3956D46DE8}") = "corePackages", "corePackages", "{E5B463FB-53C3-42F7-A5CC-0FF98F99235A}"
EndProject
Project("{2150E333-8FDC-42A3-9474-1A3956D46DE8}") = "projects", "projects", "{F2445928-BADB-4495-A61C-79F27508CA89}"
EndProject
Project("{9A19103F-16F7-4668-BE54-9A1E7A4F7556}") = "Core.Application", "src\corePackages\Core.Application\Core.Application.csproj", "{BEF4E0DD-07E7-4DB4-A243-687B972C5BAB}"
EndProject
Project("{9A19103F-16F7-4668-BE54-9A1E7A4F7556}") = "Core.CrossCuttingConcerns", "src\corePackages\Core.CrossCuttingConcerns\Core.CrossCuttingConcerns.csproj", "{60272782-474D-4409-A5C4-6148DDD31F84}"
EndProject
Project("{9A19103F-16F7-4668-BE54-9A1E7A4F7556}") = "Core.ElasticSearch", "src\corePackages\Core.ElasticSearch\Core.ElasticSearch.csproj", "{7AE7FF33-0FEF-41FF-8924-8EB730186C19}"
EndProject
Project("{9A19103F-16F7-4668-BE54-9A1E7A4F7556}") = "Core.Localization.Abstraction", "src\corePackages\Core.Localization.Abstraction\Core.Localization.Abstraction.csproj", "{241FACD7-9AEA-43B8-A706-9EE4367E7124}"
EndProject
Project("{9A19103F-16F7-4668-BE54-9A1E7A4F7556}") = "Core.Localization.Resource.Yaml", "src\corePackages\Core.Localization.Resource.Yaml\Core.Localization.Resource.Yaml.csproj", "{AE62E8EB-663C-480E-BCB6-D2E58580C95B}"
EndProject
Project("{9A19103F-16F7-4668-BE54-9A1E7A4F7556}") = "Core.Localization.Resource.Yaml.DependencyInjection", "src\corePackages\Core.Localization.Resource.Yaml.DependencyInjection\Core.Localization.Resource.Yaml.DependencyInjection.csproj", "{4260FFFE-45F3-457C-9FC9-7941F2BD628F}"
EndProject
Project("{9A19103F-16F7-4668-BE54-9A1E7A4F7556}") = "Core.Localization.Translation", "src\corePackages\Core.Localization.Translation\Core.Localization.Translation.csproj", "{3710CFA9-22FE-47CE-87F6-201701090A30}"
EndProject
Project("{9A19103F-16F7-4668-BE54-9A1E7A4F7556}") = "Core.Localization.WebApi", "src\corePackages\Core.Localization.WebApi\Core.Localization.WebApi.csproj", "{B58717FC-7D36-4008-85B1-045C49AB38FC}"
EndProject
Project("{9A19103F-16F7-4668-BE54-9A1E7A4F7556}") = "Core.Mailing", "src\corePackages\Core.Mailing\Core.Mailing.csproj", "{6A80ECF8-A684-4A85-8D8F-6CBE493B39D2}"
EndProject
Project("{9A19103F-16F7-4668-BE54-9A1E7A4F7556}") = "Core.Persistence", "src\corePackages\Core.Persistence\Core.Persistence.csproj", "{40D0FF5B-86A8-478F-B0AC-8CA1910204EA}"
EndProject
Project("{9A19103F-16F7-4668-BE54-9A1E7A4F7556}") = "Core.Persistence.DependencyInjection", "src\corePackages\Core.Persistence.DependencyInjection\Core.Persistence.DependencyInjection.csproj", "{40B67E69-CA75-4FE5-97B4-EB1C76C10449}"
EndProject
Project("{9A19103F-16F7-4668-BE54-9A1E7A4F7556}") = "Core.Persistence.WebApi", "src\corePackages\Core.Persistence.WebApi\Core.Persistence.WebApi.csproj", "{F79E0212-ECCC-4A34-B792-4AE83FD23114}"
EndProject
Project("{9A19103F-16F7-4668-BE54-9A1E7A4F7556}") = "Core.Security", "src\corePackages\Core.Security\Core.Security.csproj", "{422DD4C8-CC35-44BB-8E09-899765A842F0}"
EndProject
Project("{9A19103F-16F7-4668-BE54-9A1E7A4F7556}") = "Core.Test", "src\corePackages\Core.Test\Core.Test.csproj", "{C7972EFB-28E4-460C-ACA2-84E40660B0F3}"
EndProject
Project("{9A19103F-16F7-4668-BE54-9A1E7A4F7556}") = "Core.Translation.Abstraction", "src\corePackages\Core.Translation.Abstraction\Core.Translation.Abstraction.csproj", "{3BEC807F-C787-4D4A-AA1E-C984FE2186C6}"
EndProject
Project("{9A19103F-16F7-4668-BE54-9A1E7A4F7556}") = "Core.Translation.AmazonTranslate", "src\corePackages\Core.Translation.AmazonTranslate\Core.Translation.AmazonTranslate.csproj", "{47EC52EA-2D61-4582-BDD2-4FD8DABF3DD1}"
EndProject
Project("{9A19103F-16F7-4668-BE54-9A1E7A4F7556}") = "Core.Translation.AmazonTranslate.DependencyInjection", "src\corePackages\Core.Translation.AmazonTranslate.DependencyInjection\Core.Translation.AmazonTranslate.DependencyInjection.csproj", "{7781B34A-27CA-4326-8702-21C8867A2C66}"
EndProject
Project("{9A19103F-16F7-4668-BE54-9A1E7A4F7556}") = "Core.WebAPI", "src\corePackages\Core.WebAPI\Core.WebAPI.csproj", "{A1C7071E-F938-4F5C-8BC9-2B9DA20FEEEC}"
EndProject
Project("{9A19103F-16F7-4668-BE54-9A1E7A4F7556}") = "Application", "src\projects\Application\Application.csproj", "{20625E2B-B21A-4828-9865-E65473A5D76C}"
EndProject
Project("{9A19103F-16F7-4668-BE54-9A1E7A4F7556}") = "Domain", "src\projects\Domain\Domain.csproj", "{A9089FFC-055D-4EAA-9D8D-B5EF8BBE337E}"
EndProject
Project("{9A19103F-16F7-4668-BE54-9A1E7A4F7556}") = "Infrastructure", "src\projects\Infrastructure\Infrastructure.csproj", "{C63A87B9-5CAB-4E7B-B48B-B1117513FA24}"
EndProject
Project("{9A19103F-16F7-4668-BE54-9A1E7A4F7556}") = "Persistence", "src\projects\Persistence\Persistence.csproj", "{788DFD92-1AA6-4E90-8415-B3073F756935}"
EndProject
Project("{9A19103F-16F7-4668-BE54-9A1E7A4F7556}") = "WebAPI", "src\projects\WebAPI\WebAPI.csproj", "{6F167308-4AD3-4447-B3B5-61FBF8C9B11F}"
EndProject
Project("{9A19103F-16F7-4668-BE54-9A1E7A4F7556}") = "WebMVC", "src\projects\WebMVC\WebMVC.csproj", "{35C04DDA-5EE4-404D-B001-635920DC0118}"
EndProject
Global
	GlobalSection(SolutionConfigurationPlatforms) = preSolution
		Debug|Any CPU = Debug|Any CPU
		Release|Any CPU = Release|Any CPU
	EndGlobalSection
	GlobalSection(ProjectConfigurationPlatforms) = postSolution
		{BEF4E0DD-07E7-4DB4-A243-687B972C5BAB}.Debug|Any CPU.ActiveCfg = Debug|Any CPU
		{BEF4E0DD-07E7-4DB4-A243-687B972C5BAB}.Debug|Any CPU.Build.0 = Debug|Any CPU
		{BEF4E0DD-07E7-4DB4-A243-687B972C5BAB}.Release|Any CPU.ActiveCfg = Release|Any CPU
		{BEF4E0DD-07E7-4DB4-A243-687B972C5BAB}.Release|Any CPU.Build.0 = Release|Any CPU
		{60272782-474D-4409-A5C4-6148DDD31F84}.Debug|Any CPU.ActiveCfg = Debug|Any CPU
		{60272782-474D-4409-A5C4-6148DDD31F84}.Debug|Any CPU.Build.0 = Debug|Any CPU
		{60272782-474D-4409-A5C4-6148DDD31F84}.Release|Any CPU.ActiveCfg = Release|Any CPU
		{60272782-474D-4409-A5C4-6148DDD31F84}.Release|Any CPU.Build.0 = Release|Any CPU
		{7AE7FF33-0FEF-41FF-8924-8EB730186C19}.Debug|Any CPU.ActiveCfg = Debug|Any CPU
		{7AE7FF33-0FEF-41FF-8924-8EB730186C19}.Debug|Any CPU.Build.0 = Debug|Any CPU
		{7AE7FF33-0FEF-41FF-8924-8EB730186C19}.Release|Any CPU.ActiveCfg = Release|Any CPU
		{7AE7FF33-0FEF-41FF-8924-8EB730186C19}.Release|Any CPU.Build.0 = Release|Any CPU
		{241FACD7-9AEA-43B8-A706-9EE4367E7124}.Debug|Any CPU.ActiveCfg = Debug|Any CPU
		{241FACD7-9AEA-43B8-A706-9EE4367E7124}.Debug|Any CPU.Build.0 = Debug|Any CPU
		{241FACD7-9AEA-43B8-A706-9EE4367E7124}.Release|Any CPU.ActiveCfg = Release|Any CPU
		{241FACD7-9AEA-43B8-A706-9EE4367E7124}.Release|Any CPU.Build.0 = Release|Any CPU
		{AE62E8EB-663C-480E-BCB6-D2E58580C95B}.Debug|Any CPU.ActiveCfg = Debug|Any CPU
		{AE62E8EB-663C-480E-BCB6-D2E58580C95B}.Debug|Any CPU.Build.0 = Debug|Any CPU
		{AE62E8EB-663C-480E-BCB6-D2E58580C95B}.Release|Any CPU.ActiveCfg = Release|Any CPU
		{AE62E8EB-663C-480E-BCB6-D2E58580C95B}.Release|Any CPU.Build.0 = Release|Any CPU
		{4260FFFE-45F3-457C-9FC9-7941F2BD628F}.Debug|Any CPU.ActiveCfg = Debug|Any CPU
		{4260FFFE-45F3-457C-9FC9-7941F2BD628F}.Debug|Any CPU.Build.0 = Debug|Any CPU
		{4260FFFE-45F3-457C-9FC9-7941F2BD628F}.Release|Any CPU.ActiveCfg = Release|Any CPU
		{4260FFFE-45F3-457C-9FC9-7941F2BD628F}.Release|Any CPU.Build.0 = Release|Any CPU
		{3710CFA9-22FE-47CE-87F6-201701090A30}.Debug|Any CPU.ActiveCfg = Debug|Any CPU
		{3710CFA9-22FE-47CE-87F6-201701090A30}.Debug|Any CPU.Build.0 = Debug|Any CPU
		{3710CFA9-22FE-47CE-87F6-201701090A30}.Release|Any CPU.ActiveCfg = Release|Any CPU
		{3710CFA9-22FE-47CE-87F6-201701090A30}.Release|Any CPU.Build.0 = Release|Any CPU
		{B58717FC-7D36-4008-85B1-045C49AB38FC}.Debug|Any CPU.ActiveCfg = Debug|Any CPU
		{B58717FC-7D36-4008-85B1-045C49AB38FC}.Debug|Any CPU.Build.0 = Debug|Any CPU
		{B58717FC-7D36-4008-85B1-045C49AB38FC}.Release|Any CPU.ActiveCfg = Release|Any CPU
		{B58717FC-7D36-4008-85B1-045C49AB38FC}.Release|Any CPU.Build.0 = Release|Any CPU
		{6A80ECF8-A684-4A85-8D8F-6CBE493B39D2}.Debug|Any CPU.ActiveCfg = Debug|Any CPU
		{6A80ECF8-A684-4A85-8D8F-6CBE493B39D2}.Debug|Any CPU.Build.0 = Debug|Any CPU
		{6A80ECF8-A684-4A85-8D8F-6CBE493B39D2}.Release|Any CPU.ActiveCfg = Release|Any CPU
		{6A80ECF8-A684-4A85-8D8F-6CBE493B39D2}.Release|Any CPU.Build.0 = Release|Any CPU
		{40D0FF5B-86A8-478F-B0AC-8CA1910204EA}.Debug|Any CPU.ActiveCfg = Debug|Any CPU
		{40D0FF5B-86A8-478F-B0AC-8CA1910204EA}.Debug|Any CPU.Build.0 = Debug|Any CPU
		{40D0FF5B-86A8-478F-B0AC-8CA1910204EA}.Release|Any CPU.ActiveCfg = Release|Any CPU
		{40D0FF5B-86A8-478F-B0AC-8CA1910204EA}.Release|Any CPU.Build.0 = Release|Any CPU
		{40B67E69-CA75-4FE5-97B4-EB1C76C10449}.Debug|Any CPU.ActiveCfg = Debug|Any CPU
		{40B67E69-CA75-4FE5-97B4-EB1C76C10449}.Debug|Any CPU.Build.0 = Debug|Any CPU
		{40B67E69-CA75-4FE5-97B4-EB1C76C10449}.Release|Any CPU.ActiveCfg = Release|Any CPU
		{40B67E69-CA75-4FE5-97B4-EB1C76C10449}.Release|Any CPU.Build.0 = Release|Any CPU
		{F79E0212-ECCC-4A34-B792-4AE83FD23114}.Debug|Any CPU.ActiveCfg = Debug|Any CPU
		{F79E0212-ECCC-4A34-B792-4AE83FD23114}.Debug|Any CPU.Build.0 = Debug|Any CPU
		{F79E0212-ECCC-4A34-B792-4AE83FD23114}.Release|Any CPU.ActiveCfg = Release|Any CPU
		{F79E0212-ECCC-4A34-B792-4AE83FD23114}.Release|Any CPU.Build.0 = Release|Any CPU
		{422DD4C8-CC35-44BB-8E09-899765A842F0}.Debug|Any CPU.ActiveCfg = Debug|Any CPU
		{422DD4C8-CC35-44BB-8E09-899765A842F0}.Debug|Any CPU.Build.0 = Debug|Any CPU
		{422DD4C8-CC35-44BB-8E09-899765A842F0}.Release|Any CPU.ActiveCfg = Release|Any CPU
		{422DD4C8-CC35-44BB-8E09-899765A842F0}.Release|Any CPU.Build.0 = Release|Any CPU
		{C7972EFB-28E4-460C-ACA2-84E40660B0F3}.Debug|Any CPU.ActiveCfg = Debug|Any CPU
		{C7972EFB-28E4-460C-ACA2-84E40660B0F3}.Debug|Any CPU.Build.0 = Debug|Any CPU
		{C7972EFB-28E4-460C-ACA2-84E40660B0F3}.Release|Any CPU.ActiveCfg = Release|Any CPU
		{C7972EFB-28E4-460C-ACA2-84E40660B0F3}.Release|Any CPU.Build.0 = Release|Any CPU
		{3BEC807F-C787-4D4A-AA1E-C984FE2186C6}.Debug|Any CPU.ActiveCfg = Debug|Any CPU
		{3BEC807F-C787-4D4A-AA1E-C984FE2186C6}.Debug|Any CPU.Build.0 = Debug|Any CPU
		{3BEC807F-C787-4D4A-AA1E-C984FE2186C6}.Release|Any CPU.ActiveCfg = Release|Any CPU
		{3BEC807F-C787-4D4A-AA1E-C984FE2186C6}.Release|Any CPU.Build.0 = Release|Any CPU
		{47EC52EA-2D61-4582-BDD2-4FD8DABF3DD1}.Debug|Any CPU.ActiveCfg = Debug|Any CPU
		{47EC52EA-2D61-4582-BDD2-4FD8DABF3DD1}.Debug|Any CPU.Build.0 = Debug|Any CPU
		{47EC52EA-2D61-4582-BDD2-4FD8DABF3DD1}.Release|Any CPU.ActiveCfg = Release|Any CPU
		{47EC52EA-2D61-4582-BDD2-4FD8DABF3DD1}.Release|Any CPU.Build.0 = Release|Any CPU
		{7781B34A-27CA-4326-8702-21C8867A2C66}.Debug|Any CPU.ActiveCfg = Debug|Any CPU
		{7781B34A-27CA-4326-8702-21C8867A2C66}.Debug|Any CPU.Build.0 = Debug|Any CPU
		{7781B34A-27CA-4326-8702-21C8867A2C66}.Release|Any CPU.ActiveCfg = Release|Any CPU
		{7781B34A-27CA-4326-8702-21C8867A2C66}.Release|Any CPU.Build.0 = Release|Any CPU
		{A1C7071E-F938-4F5C-8BC9-2B9DA20FEEEC}.Debug|Any CPU.ActiveCfg = Debug|Any CPU
		{A1C7071E-F938-4F5C-8BC9-2B9DA20FEEEC}.Debug|Any CPU.Build.0 = Debug|Any CPU
		{A1C7071E-F938-4F5C-8BC9-2B9DA20FEEEC}.Release|Any CPU.ActiveCfg = Release|Any CPU
		{A1C7071E-F938-4F5C-8BC9-2B9DA20FEEEC}.Release|Any CPU.Build.0 = Release|Any CPU
		{20625E2B-B21A-4828-9865-E65473A5D76C}.Debug|Any CPU.ActiveCfg = Debug|Any CPU
		{20625E2B-B21A-4828-9865-E65473A5D76C}.Debug|Any CPU.Build.0 = Debug|Any CPU
		{20625E2B-B21A-4828-9865-E65473A5D76C}.Release|Any CPU.ActiveCfg = Release|Any CPU
		{20625E2B-B21A-4828-9865-E65473A5D76C}.Release|Any CPU.Build.0 = Release|Any CPU
		{A9089FFC-055D-4EAA-9D8D-B5EF8BBE337E}.Debug|Any CPU.ActiveCfg = Debug|Any CPU
		{A9089FFC-055D-4EAA-9D8D-B5EF8BBE337E}.Debug|Any CPU.Build.0 = Debug|Any CPU
		{A9089FFC-055D-4EAA-9D8D-B5EF8BBE337E}.Release|Any CPU.ActiveCfg = Release|Any CPU
		{A9089FFC-055D-4EAA-9D8D-B5EF8BBE337E}.Release|Any CPU.Build.0 = Release|Any CPU
		{C63A87B9-5CAB-4E7B-B48B-B1117513FA24}.Debug|Any CPU.ActiveCfg = Debug|Any CPU
		{C63A87B9-5CAB-4E7B-B48B-B1117513FA24}.Debug|Any CPU.Build.0 = Debug|Any CPU
		{C63A87B9-5CAB-4E7B-B48B-B1117513FA24}.Release|Any CPU.ActiveCfg = Release|Any CPU
		{C63A87B9-5CAB-4E7B-B48B-B1117513FA24}.Release|Any CPU.Build.0 = Release|Any CPU
		{788DFD92-1AA6-4E90-8415-B3073F756935}.Debug|Any CPU.ActiveCfg = Debug|Any CPU
		{788DFD92-1AA6-4E90-8415-B3073F756935}.Debug|Any CPU.Build.0 = Debug|Any CPU
		{788DFD92-1AA6-4E90-8415-B3073F756935}.Release|Any CPU.ActiveCfg = Release|Any CPU
		{788DFD92-1AA6-4E90-8415-B3073F756935}.Release|Any CPU.Build.0 = Release|Any CPU
		{6F167308-4AD3-4447-B3B5-61FBF8C9B11F}.Debug|Any CPU.ActiveCfg = Debug|Any CPU
		{6F167308-4AD3-4447-B3B5-61FBF8C9B11F}.Debug|Any CPU.Build.0 = Debug|Any CPU
		{6F167308-4AD3-4447-B3B5-61FBF8C9B11F}.Release|Any CPU.ActiveCfg = Release|Any CPU
		{6F167308-4AD3-4447-B3B5-61FBF8C9B11F}.Release|Any CPU.Build.0 = Release|Any CPU
		{35C04DDA-5EE4-404D-B001-635920DC0118}.Debug|Any CPU.ActiveCfg = Debug|Any CPU
		{35C04DDA-5EE4-404D-B001-635920DC0118}.Debug|Any CPU.Build.0 = Debug|Any CPU
		{35C04DDA-5EE4-404D-B001-635920DC0118}.Release|Any CPU.ActiveCfg = Release|Any CPU
		{35C04DDA-5EE4-404D-B001-635920DC0118}.Release|Any CPU.Build.0 = Release|Any CPU
	EndGlobalSection
	GlobalSection(SolutionProperties) = preSolution
		HideSolutionNode = FALSE
	EndGlobalSection
	GlobalSection(NestedProjects) = preSolution
		{E5B463FB-53C3-42F7-A5CC-0FF98F99235A} = {B956A78B-F683-42C5-886A-70E1E875E3B5}
		{F2445928-BADB-4495-A61C-79F27508CA89} = {B956A78B-F683-42C5-886A-70E1E875E3B5}
		{BEF4E0DD-07E7-4DB4-A243-687B972C5BAB} = {E5B463FB-53C3-42F7-A5CC-0FF98F99235A}
		{60272782-474D-4409-A5C4-6148DDD31F84} = {E5B463FB-53C3-42F7-A5CC-0FF98F99235A}
		{7AE7FF33-0FEF-41FF-8924-8EB730186C19} = {E5B463FB-53C3-42F7-A5CC-0FF98F99235A}
		{241FACD7-9AEA-43B8-A706-9EE4367E7124} = {E5B463FB-53C3-42F7-A5CC-0FF98F99235A}
		{AE62E8EB-663C-480E-BCB6-D2E58580C95B} = {E5B463FB-53C3-42F7-A5CC-0FF98F99235A}
		{4260FFFE-45F3-457C-9FC9-7941F2BD628F} = {E5B463FB-53C3-42F7-A5CC-0FF98F99235A}
		{3710CFA9-22FE-47CE-87F6-201701090A30} = {E5B463FB-53C3-42F7-A5CC-0FF98F99235A}
		{B58717FC-7D36-4008-85B1-045C49AB38FC} = {E5B463FB-53C3-42F7-A5CC-0FF98F99235A}
		{6A80ECF8-A684-4A85-8D8F-6CBE493B39D2} = {E5B463FB-53C3-42F7-A5CC-0FF98F99235A}
		{40D0FF5B-86A8-478F-B0AC-8CA1910204EA} = {E5B463FB-53C3-42F7-A5CC-0FF98F99235A}
		{40B67E69-CA75-4FE5-97B4-EB1C76C10449} = {E5B463FB-53C3-42F7-A5CC-0FF98F99235A}
		{F79E0212-ECCC-4A34-B792-4AE83FD23114} = {E5B463FB-53C3-42F7-A5CC-0FF98F99235A}
		{422DD4C8-CC35-44BB-8E09-899765A842F0} = {E5B463FB-53C3-42F7-A5CC-0FF98F99235A}
		{C7972EFB-28E4-460C-ACA2-84E40660B0F3} = {E5B463FB-53C3-42F7-A5CC-0FF98F99235A}
		{3BEC807F-C787-4D4A-AA1E-C984FE2186C6} = {E5B463FB-53C3-42F7-A5CC-0FF98F99235A}
		{47EC52EA-2D61-4582-BDD2-4FD8DABF3DD1} = {E5B463FB-53C3-42F7-A5CC-0FF98F99235A}
		{7781B34A-27CA-4326-8702-21C8867A2C66} = {E5B463FB-53C3-42F7-A5CC-0FF98F99235A}
		{A1C7071E-F938-4F5C-8BC9-2B9DA20FEEEC} = {E5B463FB-53C3-42F7-A5CC-0FF98F99235A}
		{20625E2B-B21A-4828-9865-E65473A5D76C} = {F2445928-BADB-4495-A61C-79F27508CA89}
		{A9089FFC-055D-4EAA-9D8D-B5EF8BBE337E} = {F2445928-BADB-4495-A61C-79F27508CA89}
		{C63A87B9-5CAB-4E7B-B48B-B1117513FA24} = {F2445928-BADB-4495-A61C-79F27508CA89}
		{788DFD92-1AA6-4E90-8415-B3073F756935} = {F2445928-BADB-4495-A61C-79F27508CA89}
		{6F167308-4AD3-4447-B3B5-61FBF8C9B11F} = {F2445928-BADB-4495-A61C-79F27508CA89}
		{35C04DDA-5EE4-404D-B001-635920DC0118} = {F2445928-BADB-4495-A61C-79F27508CA89}
	EndGlobalSection
	GlobalSection(ExtensibilityGlobals) = postSolution
		SolutionGuid = {13E65C7E-F1F2-4FF7-9165-B050DEA39FEA}
	EndGlobalSection
EndGlobal
